<?xml version="1.0" encoding="utf-8"?>
<Project ToolsVersion="4.0" xmlns="http://schemas.microsoft.com/developer/msbuild/2003">
  <ItemGroup>
    <Filter Include="ソース ファイル">
      <UniqueIdentifier>{4FC737F1-C7A5-4376-A066-2A32D752A2FF}</UniqueIdentifier>
      <Extensions>cpp;c;cc;cxx;c++;cppm;ixx;def;odl;idl;hpj;bat;asm;asmx</Extensions>
    </Filter>
    <Filter Include="ヘッダー ファイル">
      <UniqueIdentifier>{93995380-89BD-4b04-88EB-625FBE52EBFB}</UniqueIdentifier>
      <Extensions>h;hh;hpp;hxx;h++;hm;inl;inc;ipp;xsd</Extensions>
    </Filter>
    <Filter Include="MEMO">
      <UniqueIdentifier>{becd494f-3d96-400a-a66d-135958a3860b}</UniqueIdentifier>
    </Filter>
    <Filter Include="Tank">
      <UniqueIdentifier>{0755bfa2-5943-4ab9-a8fc-54af72502905}</UniqueIdentifier>
    </Filter>
    <Filter Include="Main">
      <UniqueIdentifier>{5caacc3f-a962-45c9-ad11-9726ab44fd17}</UniqueIdentifier>
    </Filter>
    <Filter Include="Tank\Shot">
      <UniqueIdentifier>{9aebd4ba-5c38-496a-85d6-46999fc05a1e}</UniqueIdentifier>
    </Filter>
    <Filter Include="Framerate">
      <UniqueIdentifier>{5b36de26-c953-43cb-a121-b6ca1fbdf2bd}</UniqueIdentifier>
    </Filter>
  </ItemGroup>
  <ItemGroup>
    <ClCompile Include="Map.cpp">
      <Filter>ソース ファイル</Filter>
    </ClCompile>
    <ClCompile Include="Camera.cpp">
      <Filter>ソース ファイル</Filter>
    </ClCompile>
    <ClCompile Include="EnemyTank.cpp">
      <Filter>Tank</Filter>
    </ClCompile>
    <ClCompile Include="PlayerTank.cpp">
      <Filter>Tank</Filter>
    </ClCompile>
    <ClCompile Include="SkyDome.cpp">
      <Filter>ソース ファイル</Filter>
    </ClCompile>
    <ClCompile Include="Main.cpp">
      <Filter>Main</Filter>
    </ClCompile>
    <ClCompile Include="UI.cpp">
      <Filter>ソース ファイル</Filter>
    </ClCompile>
    <ClCompile Include="ShotBullet.cpp">
      <Filter>Tank\Shot</Filter>
    </ClCompile>
    <ClCompile Include="FrameRateLimiter.cpp">
      <Filter>Framerate</Filter>
    </ClCompile>
  </ItemGroup>
  <ItemGroup>
    <ClInclude Include="Map.h">
      <Filter>ヘッダー ファイル</Filter>
    </ClInclude>
    <ClInclude Include="Camera.h">
      <Filter>ヘッダー ファイル</Filter>
    </ClInclude>
    <ClInclude Include="Player.h">
      <Filter>ヘッダー ファイル</Filter>
    </ClInclude>
    <ClInclude Include="Screen.h">
      <Filter>ヘッダー ファイル</Filter>
    </ClInclude>
    <ClInclude Include="PlayerTank.h">
      <Filter>Tank</Filter>
    </ClInclude>
    <ClInclude Include="EnemyTank.h">
      <Filter>Tank</Filter>
    </ClInclude>
    <ClInclude Include="SkyDome.h">
      <Filter>ヘッダー ファイル</Filter>
    </ClInclude>
    <ClInclude Include="Item.h">
      <Filter>Tank</Filter>
    </ClInclude>
    <ClInclude Include="UI.h">
      <Filter>ソース ファイル</Filter>
    </ClInclude>
    <ClInclude Include="ShotBullet.h">
      <Filter>Tank\Shot</Filter>
    </ClInclude>
    <ClInclude Include="FrameRateLimiter.h">
      <Filter>Framerate</Filter>
    </ClInclude>
  </ItemGroup>
  <ItemGroup>
    <Text Include="MEMO.txt">
      <Filter>MEMO</Filter>
    </Text>
  </ItemGroup>
</Project>